<?xml version="1.0" encoding="utf-8"?>
<Project ToolsVersion="4.0" xmlns="http://schemas.microsoft.com/developer/msbuild/2003">
  <ItemGroup>
    <Filter Include="소스 파일">
      <UniqueIdentifier>{4FC737F1-C7A5-4376-A066-2A32D752A2FF}</UniqueIdentifier>
      <Extensions>cpp;c;cc;cxx;def;odl;idl;hpj;bat;asm;asmx</Extensions>
    </Filter>
    <Filter Include="헤더 파일">
      <UniqueIdentifier>{93995380-89BD-4b04-88EB-625FBE52EBFB}</UniqueIdentifier>
      <Extensions>h;hh;hpp;hxx;hm;inl;inc;ipp;xsd</Extensions>
    </Filter>
    <Filter Include="리소스 파일">
      <UniqueIdentifier>{67DA6AB6-F800-4c08-8B7A-83BB121AAD01}</UniqueIdentifier>
      <Extensions>rc;ico;cur;bmp;dlg;rc2;rct;bin;rgs;gif;jpg;jpeg;jpe;resx;tiff;tif;png;wav;mfcribbon-ms</Extensions>
    </Filter>
    <Filter Include="소스 파일\그래프">
      <UniqueIdentifier>{2a4bda1d-0200-4684-a729-9f73f5a98708}</UniqueIdentifier>
    </Filter>
    <Filter Include="소스 파일\동적 계획법">
      <UniqueIdentifier>{3d28be99-1d68-4ce6-bcbd-b70d75b4bf11}</UniqueIdentifier>
    </Filter>
    <Filter Include="소스 파일\완전 탐색">
      <UniqueIdentifier>{09718481-c9eb-46ea-b0d8-656c24833edc}</UniqueIdentifier>
    </Filter>
    <Filter Include="소스 파일\완전 탐색\그냥 해보기">
      <UniqueIdentifier>{aca5d90b-d2bc-47fc-b406-e4cc7ffad970}</UniqueIdentifier>
    </Filter>
    <Filter Include="소스 파일\완전 탐색\건너뛰며 해보기">
      <UniqueIdentifier>{550b17b3-93c9-483d-8bb7-f501f5e72bb3}</UniqueIdentifier>
    </Filter>
    <Filter Include="소스 파일\완전 탐색\N중 for문">
      <UniqueIdentifier>{30424758-0d9a-4973-85b6-0bab52208b25}</UniqueIdentifier>
    </Filter>
    <Filter Include="소스 파일\완전 탐색\순열">
      <UniqueIdentifier>{70a41e7a-b0b3-497c-9d3e-623085e26f90}</UniqueIdentifier>
    </Filter>
    <Filter Include="소스 파일\동적 계획법\dp2">
      <UniqueIdentifier>{7f8c003d-e5d6-45af-a70a-d873d80926ee}</UniqueIdentifier>
    </Filter>
    <Filter Include="소스 파일\동적 계획법\dp1">
      <UniqueIdentifier>{1ebddc4c-3693-4086-855f-8340c967331f}</UniqueIdentifier>
    </Filter>
  </ItemGroup>
  <ItemGroup>
    <ClCompile Include="1206_dfs_bfs.cpp">
      <Filter>소스 파일\그래프</Filter>
    </ClCompile>
    <ClCompile Include="Adjacency_matrix_and_list.cpp">
      <Filter>소스 파일\그래프</Filter>
    </ClCompile>
    <ClCompile Include="13023_ABCDE.cpp">
      <Filter>소스 파일\그래프</Filter>
    </ClCompile>
    <ClCompile Include="11724.cpp">
      <Filter>소스 파일\그래프</Filter>
    </ClCompile>
    <ClCompile Include="1707.cpp">
      <Filter>소스 파일\그래프</Filter>
    </ClCompile>
    <ClCompile Include="2309.cpp">
      <Filter>소스 파일\완전 탐색\그냥 해보기</Filter>
    </ClCompile>
    <ClCompile Include="1476.cpp">
      <Filter>소스 파일\완전 탐색\그냥 해보기</Filter>
    </ClCompile>
    <ClCompile Include="1107.cpp">
      <Filter>소스 파일\완전 탐색\그냥 해보기</Filter>
    </ClCompile>
    <ClCompile Include="14500.cpp">
      <Filter>소스 파일\완전 탐색\그냥 해보기</Filter>
    </ClCompile>
    <ClCompile Include="1748.cpp">
      <Filter>소스 파일\완전 탐색\건너뛰며 해보기</Filter>
    </ClCompile>
    <ClCompile Include="9095_완탐.cpp">
      <Filter>소스 파일\완전 탐색\N중 for문</Filter>
    </ClCompile>
    <ClCompile Include="6064.cpp">
      <Filter>소스 파일\완전 탐색\건너뛰며 해보기</Filter>
    </ClCompile>
    <ClCompile Include="10972.cpp">
      <Filter>소스 파일\완전 탐색\순열</Filter>
    </ClCompile>
    <ClCompile Include="10973.cpp">
      <Filter>소스 파일\완전 탐색\순열</Filter>
    </ClCompile>
    <ClCompile Include="10974.cpp">
      <Filter>소스 파일\완전 탐색\순열</Filter>
    </ClCompile>
    <ClCompile Include="10819.cpp">
      <Filter>소스 파일\완전 탐색\순열</Filter>
    </ClCompile>
    <ClCompile Include="2529.cpp">
      <Filter>소스 파일\완전 탐색\순열</Filter>
    </ClCompile>
    <ClCompile Include="1339.cpp">
      <Filter>소스 파일\완전 탐색\순열</Filter>
    </ClCompile>
    <ClCompile Include="11048.cpp">
      <Filter>소스 파일\동적 계획법\dp2</Filter>
    </ClCompile>
    <ClCompile Include="1890.cpp">
      <Filter>소스 파일\동적 계획법\dp2</Filter>
    </ClCompile>
    <ClCompile Include="10942.cpp">
      <Filter>소스 파일\동적 계획법\dp2</Filter>
    </ClCompile>
    <ClCompile Include="1699.cpp">
      <Filter>소스 파일\동적 계획법\dp1</Filter>
    </ClCompile>
    <ClCompile Include="1912.cpp">
      <Filter>소스 파일\동적 계획법\dp1</Filter>
    </ClCompile>
    <ClCompile Include="2193.cpp">
      <Filter>소스 파일\동적 계획법\dp1</Filter>
    </ClCompile>
    <ClCompile Include="2225.cpp">
      <Filter>소스 파일\동적 계획법\dp1</Filter>
    </ClCompile>
    <ClCompile Include="10844.cpp">
      <Filter>소스 파일\동적 계획법\dp1</Filter>
    </ClCompile>
    <ClCompile Include="11052.cpp">
      <Filter>소스 파일\동적 계획법\dp1</Filter>
    </ClCompile>
    <ClCompile Include="11053.cpp">
      <Filter>소스 파일\동적 계획법\dp1</Filter>
    </ClCompile>
    <ClCompile Include="11055.cpp">
      <Filter>소스 파일\동적 계획법\dp1</Filter>
    </ClCompile>
    <ClCompile Include="11057.cpp">
      <Filter>소스 파일\동적 계획법\dp1</Filter>
    </ClCompile>
    <ClCompile Include="11722.cpp">
      <Filter>소스 파일\동적 계획법\dp1</Filter>
    </ClCompile>
    <ClCompile Include="11726.cpp">
      <Filter>소스 파일\동적 계획법\dp1</Filter>
    </ClCompile>
    <ClCompile Include="11727.cpp">
      <Filter>소스 파일\동적 계획법\dp1</Filter>
    </ClCompile>
    <ClCompile Include="13707.cpp">
      <Filter>소스 파일\동적 계획법\dp1</Filter>
    </ClCompile>
    <ClCompile Include="2293.cpp">
      <Filter>소스 파일\동적 계획법\dp2</Filter>
    </ClCompile>
    <ClCompile Include="9095.cpp">
      <Filter>소스 파일\동적 계획법\dp1</Filter>
    </ClCompile>
    <ClCompile Include="9465.cpp">
      <Filter>소스 파일\동적 계획법\dp1</Filter>
    </ClCompile>
    <ClCompile Include="11058.cpp">
      <Filter>소스 파일\동적 계획법\dp2</Filter>
    </ClCompile>
    <ClCompile Include="11066.cpp">
      <Filter>소스 파일\동적 계획법\dp2</Filter>
    </ClCompile>
    <ClCompile Include="1495.cpp">
      <Filter>소스 파일\동적 계획법\dp2</Filter>
    </ClCompile>
    <ClCompile Include="5557.cpp">
      <Filter>소스 파일\동적 계획법\dp2</Filter>
    </ClCompile>
    <ClCompile Include="2293_re.cpp">
      <Filter>소스 파일\동적 계획법\dp2</Filter>
    </ClCompile>
    <ClCompile Include="2294.cpp">
      <Filter>소스 파일\동적 계획법\dp2</Filter>
    </ClCompile>
    <ClCompile Include="12969.cpp">
      <Filter>소스 파일\동적 계획법\dp2</Filter>
    </ClCompile>
  </ItemGroup>
</Project>